// !$*UTF8*$!
{
	archiveVersion = 1;
	classes = {
	};
	objectVersion = 77;
	objects = {

/* Begin PBXContainerItemProxy section */
		3F13227C2CD9B14400F0DE47 /* PBXContainerItemProxy */ = {
			isa = PBXContainerItemProxy;
			containerPortal = 3F1322632CD9B14100F0DE47 /* Project object */;
			proxyType = 1;
			remoteGlobalIDString = 3F13226A2CD9B14100F0DE47;
			remoteInfo = Home_Page_1;
		};
		3F1322862CD9B14400F0DE47 /* PBXContainerItemProxy */ = {
			isa = PBXContainerItemProxy;
			containerPortal = 3F1322632CD9B14100F0DE47 /* Project object */;
			proxyType = 1;
			remoteGlobalIDString = 3F13226A2CD9B14100F0DE47;
			remoteInfo = Home_Page_1;
		};
/* End PBXContainerItemProxy section */

/* Begin PBXFileReference section */
		3F13226B2CD9B14100F0DE47 /* Home_Page_1.app */ = {isa = PBXFileReference; explicitFileType = wrapper.application; includeInIndex = 0; path = Home_Page_1.app; sourceTree = BUILT_PRODUCTS_DIR; };
		3F13227B2CD9B14400F0DE47 /* Home_Page_1Tests.xctest */ = {isa = PBXFileReference; explicitFileType = wrapper.cfbundle; includeInIndex = 0; path = Home_Page_1Tests.xctest; sourceTree = BUILT_PRODUCTS_DIR; };
		3F1322852CD9B14400F0DE47 /* Home_Page_1UITests.xctest */ = {isa = PBXFileReference; explicitFileType = wrapper.cfbundle; includeInIndex = 0; path = Home_Page_1UITests.xctest; sourceTree = BUILT_PRODUCTS_DIR; };
/* End PBXFileReference section */

/* Begin PBXFileSystemSynchronizedRootGroup section */
		3F13226D2CD9B14100F0DE47 /* Home_Page_1 */ = {
			isa = PBXFileSystemSynchronizedRootGroup;
			path = Home_Page_1;
			sourceTree = "<group>";
		};
		3F13227E2CD9B14400F0DE47 /* Home_Page_1Tests */ = {
			isa = PBXFileSystemSynchronizedRootGroup;
			path = Home_Page_1Tests;
			sourceTree = "<group>";
		};
		3F1322882CD9B14400F0DE47 /* Home_Page_1UITests */ = {
			isa = PBXFileSystemSynchronizedRootGroup;
			path = Home_Page_1UITests;
			sourceTree = "<group>";
		};
/* End PBXFileSystemSynchronizedRootGroup section */

/* Begin PBXFrameworksBuildPhase section */
		3F1322682CD9B14100F0DE47 /* Frameworks */ = {
			isa = PBXFrameworksBuildPhase;
			buildActionMask = 2147483647;
			files = (
			);
			runOnlyForDeploymentPostprocessing = 0;
		};
		3F1322782CD9B14400F0DE47 /* Frameworks */ = {
			isa = PBXFrameworksBuildPhase;
			buildActionMask = 2147483647;
			files = (
			);
			runOnlyForDeploymentPostprocessing = 0;
		};
		3F1322822CD9B14400F0DE47 /* Frameworks */ = {
			isa = PBXFrameworksBuildPhase;
			buildActionMask = 2147483647;
			files = (
			);
			runOnlyForDeploymentPostprocessing = 0;
		};
/* End PBXFrameworksBuildPhase section */

/* Begin PBXGroup section */
		3F1322622CD9B14100F0DE47 = {
			isa = PBXGroup;
			children = (
				3F13226D2CD9B14100F0DE47 /* Home_Page_1 */,
				3F13227E2CD9B14400F0DE47 /* Home_Page_1Tests */,
				3F1322882CD9B14400F0DE47 /* Home_Page_1UITests */,
				3F13226C2CD9B14100F0DE47 /* Products */,
			);
			sourceTree = "<group>";
		};
		3F13226C2CD9B14100F0DE47 /* Products */ = {
			isa = PBXGroup;
			children = (
				3F13226B2CD9B14100F0DE47 /* Home_Page_1.app */,
				3F13227B2CD9B14400F0DE47 /* Home_Page_1Tests.xctest */,
				3F1322852CD9B14400F0DE47 /* Home_Page_1UITests.xctest */,
			);
			name = Products;
			sourceTree = "<group>";
		};
/* End PBXGroup section */

/* Begin PBXNativeTarget section */
		3F13226A2CD9B14100F0DE47 /* Home_Page_1 */ = {
			isa = PBXNativeTarget;
			buildConfigurationList = 3F13228F2CD9B14400F0DE47 /* Build configuration list for PBXNativeTarget "Home_Page_1" */;
			buildPhases = (
				3F1322672CD9B14100F0DE47 /* Sources */,
				3F1322682CD9B14100F0DE47 /* Frameworks */,
				3F1322692CD9B14100F0DE47 /* Resources */,
			);
			buildRules = (
			);
			dependencies = (
			);
			fileSystemSynchronizedGroups = (
				3F13226D2CD9B14100F0DE47 /* Home_Page_1 */,
			);
			name = Home_Page_1;
			packageProductDependencies = (
			);
			productName = Home_Page_1;
			productReference = 3F13226B2CD9B14100F0DE47 /* Home_Page_1.app */;
			productType = "com.apple.product-type.application";
		};
		3F13227A2CD9B14400F0DE47 /* Home_Page_1Tests */ = {
			isa = PBXNativeTarget;
			buildConfigurationList = 3F1322922CD9B14400F0DE47 /* Build configuration list for PBXNativeTarget "Home_Page_1Tests" */;
			buildPhases = (
				3F1322772CD9B14400F0DE47 /* Sources */,
				3F1322782CD9B14400F0DE47 /* Frameworks */,
				3F1322792CD9B14400F0DE47 /* Resources */,
			);
			buildRules = (
			);
			dependencies = (
				3F13227D2CD9B14400F0DE47 /* PBXTargetDependency */,
			);
			fileSystemSynchronizedGroups = (
				3F13227E2CD9B14400F0DE47 /* Home_Page_1Tests */,
			);
			name = Home_Page_1Tests;
			packageProductDependencies = (
			);
			productName = Home_Page_1Tests;
			productReference = 3F13227B2CD9B14400F0DE47 /* Home_Page_1Tests.xctest */;
			productType = "com.apple.product-type.bundle.unit-test";
		};
		3F1322842CD9B14400F0DE47 /* Home_Page_1UITests */ = {
			isa = PBXNativeTarget;
			buildConfigurationList = 3F1322952CD9B14400F0DE47 /* Build configuration list for PBXNativeTarget "Home_Page_1UITests" */;
			buildPhases = (
				3F1322812CD9B14400F0DE47 /* Sources */,
				3F1322822CD9B14400F0DE47 /* Frameworks */,
				3F1322832CD9B14400F0DE47 /* Resources */,
			);
			buildRules = (
			);
			dependencies = (
				3F1322872CD9B14400F0DE47 /* PBXTargetDependency */,
			);
			fileSystemSynchronizedGroups = (
				3F1322882CD9B14400F0DE47 /* Home_Page_1UITests */,
			);
			name = Home_Page_1UITests;
			packageProductDependencies = (
			);
			productName = Home_Page_1UITests;
			productReference = 3F1322852CD9B14400F0DE47 /* Home_Page_1UITests.xctest */;
			productType = "com.apple.product-type.bundle.ui-testing";
		};
/* End PBXNativeTarget section */

/* Begin PBXProject section */
		3F1322632CD9B14100F0DE47 /* Project object */ = {
			isa = PBXProject;
			attributes = {
				BuildIndependentTargetsInParallel = 1;
				LastSwiftUpdateCheck = 1600;
				LastUpgradeCheck = 1600;
				TargetAttributes = {
					3F13226A2CD9B14100F0DE47 = {
						CreatedOnToolsVersion = 16.0;
					};
					3F13227A2CD9B14400F0DE47 = {
						CreatedOnToolsVersion = 16.0;
						TestTargetID = 3F13226A2CD9B14100F0DE47;
					};
					3F1322842CD9B14400F0DE47 = {
						CreatedOnToolsVersion = 16.0;
						TestTargetID = 3F13226A2CD9B14100F0DE47;
					};
				};
			};
			buildConfigurationList = 3F1322662CD9B14100F0DE47 /* Build configuration list for PBXProject "Home_Page_1" */;
			developmentRegion = en;
			hasScannedForEncodings = 0;
			knownRegions = (
				en,
				Base,
			);
			mainGroup = 3F1322622CD9B14100F0DE47;
			minimizedProjectReferenceProxies = 1;
			preferredProjectObjectVersion = 77;
			productRefGroup = 3F13226C2CD9B14100F0DE47 /* Products */;
			projectDirPath = "";
			projectRoot = "";
			targets = (
				3F13226A2CD9B14100F0DE47 /* Home_Page_1 */,
				3F13227A2CD9B14400F0DE47 /* Home_Page_1Tests */,
				3F1322842CD9B14400F0DE47 /* Home_Page_1UITests */,
			);
		};
/* End PBXProject section */

/* Begin PBXResourcesBuildPhase section */
		3F1322692CD9B14100F0DE47 /* Resources */ = {
			isa = PBXResourcesBuildPhase;
			buildActionMask = 2147483647;
			files = (
			);
			runOnlyForDeploymentPostprocessing = 0;
		};
		3F1322792CD9B14400F0DE47 /* Resources */ = {
			isa = PBXResourcesBuildPhase;
			buildActionMask = 2147483647;
			files = (
			);
			runOnlyForDeploymentPostprocessing = 0;
		};
		3F1322832CD9B14400F0DE47 /* Resources */ = {
			isa = PBXResourcesBuildPhase;
			buildActionMask = 2147483647;
			files = (
			);
			runOnlyForDeploymentPostprocessing = 0;
		};
/* End PBXResourcesBuildPhase section */

/* Begin PBXSourcesBuildPhase section */
		3F1322672CD9B14100F0DE47 /* Sources */ = {
			isa = PBXSourcesBuildPhase;
			buildActionMask = 2147483647;
			files = (
			);
			runOnlyForDeploymentPostprocessing = 0;
		};
		3F1322772CD9B14400F0DE47 /* Sources */ = {
			isa = PBXSourcesBuildPhase;
			buildActionMask = 2147483647;
			files = (
			);
			runOnlyForDeploymentPostprocessing = 0;
		};
		3F1322812CD9B14400F0DE47 /* Sources */ = {
			isa = PBXSourcesBuildPhase;
			buildActionMask = 2147483647;
			files = (
			);
			runOnlyForDeploymentPostprocessing = 0;
		};
/* End PBXSourcesBuildPhase section */

/* Begin PBXTargetDependency section */
		3F13227D2CD9B14400F0DE47 /* PBXTargetDependency */ = {
			isa = PBXTargetDependency;
			target = 3F13226A2CD9B14100F0DE47 /* Home_Page_1 */;
			targetProxy = 3F13227C2CD9B14400F0DE47 /* PBXContainerItemProxy */;
		};
		3F1322872CD9B14400F0DE47 /* PBXTargetDependency */ = {
			isa = PBXTargetDependency;
			target = 3F13226A2CD9B14100F0DE47 /* Home_Page_1 */;
			targetProxy = 3F1322862CD9B14400F0DE47 /* PBXContainerItemProxy */;
		};
/* End PBXTargetDependency section */

/* Begin XCBuildConfiguration section */
		3F13228D2CD9B14400F0DE47 /* Debug */ = {
			isa = XCBuildConfiguration;
			buildSettings = {
				ALWAYS_SEARCH_USER_PATHS = NO;
				ASSETCATALOG_COMPILER_GENERATE_SWIFT_ASSET_SYMBOL_EXTENSIONS = YES;
				CLANG_ANALYZER_NONNULL = YES;
				CLANG_ANALYZER_NUMBER_OBJECT_CONVERSION = YES_AGGRESSIVE;
				CLANG_CXX_LANGUAGE_STANDARD = "gnu++20";
				CLANG_ENABLE_MODULES = YES;
				CLANG_ENABLE_OBJC_ARC = YES;
				CLANG_ENABLE_OBJC_WEAK = YES;
				CLANG_WARN_BLOCK_CAPTURE_AUTORELEASING = YES;
				CLANG_WARN_BOOL_CONVERSION = YES;
				CLANG_WARN_COMMA = YES;
				CLANG_WARN_CONSTANT_CONVERSION = YES;
				CLANG_WARN_DEPRECATED_OBJC_IMPLEMENTATIONS = YES;
				CLANG_WARN_DIRECT_OBJC_ISA_USAGE = YES_ERROR;
				CLANG_WARN_DOCUMENTATION_COMMENTS = YES;
				CLANG_WARN_EMPTY_BODY = YES;
				CLANG_WARN_ENUM_CONVERSION = YES;
				CLANG_WARN_INFINITE_RECURSION = YES;
				CLANG_WARN_INT_CONVERSION = YES;
				CLANG_WARN_NON_LITERAL_NULL_CONVERSION = YES;
				CLANG_WARN_OBJC_IMPLICIT_RETAIN_SELF = YES;
				CLANG_WARN_OBJC_LITERAL_CONVERSION = YES;
				CLANG_WARN_OBJC_ROOT_CLASS = YES_ERROR;
				CLANG_WARN_QUOTED_INCLUDE_IN_FRAMEWORK_HEADER = YES;
				CLANG_WARN_RANGE_LOOP_ANALYSIS = YES;
				CLANG_WARN_STRICT_PROTOTYPES = YES;
				CLANG_WARN_SUSPICIOUS_MOVE = YES;
				CLANG_WARN_UNGUARDED_AVAILABILITY = YES_AGGRESSIVE;
				CLANG_WARN_UNREACHABLE_CODE = YES;
				CLANG_WARN__DUPLICATE_METHOD_MATCH = YES;
				COPY_PHASE_STRIP = NO;
				DEBUG_INFORMATION_FORMAT = dwarf;
				ENABLE_STRICT_OBJC_MSGSEND = YES;
				ENABLE_TESTABILITY = YES;
				ENABLE_USER_SCRIPT_SANDBOXING = YES;
				GCC_C_LANGUAGE_STANDARD = gnu17;
				GCC_DYNAMIC_NO_PIC = NO;
				GCC_NO_COMMON_BLOCKS = YES;
				GCC_OPTIMIZATION_LEVEL = 0;
				GCC_PREPROCESSOR_DEFINITIONS = (
					"DEBUG=1",
					"$(inherited)",
				);
				GCC_WARN_64_TO_32_BIT_CONVERSION = YES;
				GCC_WARN_ABOUT_RETURN_TYPE = YES_ERROR;
				GCC_WARN_UNDECLARED_SELECTOR = YES;
				GCC_WARN_UNINITIALIZED_AUTOS = YES_AGGRESSIVE;
				GCC_WARN_UNUSED_FUNCTION = YES;
				GCC_WARN_UNUSED_VARIABLE = YES;
				IPHONEOS_DEPLOYMENT_TARGET = 18.0;
				LOCALIZATION_PREFERS_STRING_CATALOGS = YES;
				MTL_ENABLE_DEBUG_INFO = INCLUDE_SOURCE;
				MTL_FAST_MATH = YES;
				ONLY_ACTIVE_ARCH = YES;
				SDKROOT = iphoneos;
				SWIFT_ACTIVE_COMPILATION_CONDITIONS = "DEBUG $(inherited)";
				SWIFT_OPTIMIZATION_LEVEL = "-Onone";
			};
			name = Debug;
		};
		3F13228E2CD9B14400F0DE47 /* Release */ = {
			isa = XCBuildConfiguration;
			buildSettings = {
				ALWAYS_SEARCH_USER_PATHS = NO;
				ASSETCATALOG_COMPILER_GENERATE_SWIFT_ASSET_SYMBOL_EXTENSIONS = YES;
				CLANG_ANALYZER_NONNULL = YES;
				CLANG_ANALYZER_NUMBER_OBJECT_CONVERSION = YES_AGGRESSIVE;
				CLANG_CXX_LANGUAGE_STANDARD = "gnu++20";
				CLANG_ENABLE_MODULES = YES;
				CLANG_ENABLE_OBJC_ARC = YES;
				CLANG_ENABLE_OBJC_WEAK = YES;
				CLANG_WARN_BLOCK_CAPTURE_AUTORELEASING = YES;
				CLANG_WARN_BOOL_CONVERSION = YES;
				CLANG_WARN_COMMA = YES;
				CLANG_WARN_CONSTANT_CONVERSION = YES;
				CLANG_WARN_DEPRECATED_OBJC_IMPLEMENTATIONS = YES;
				CLANG_WARN_DIRECT_OBJC_ISA_USAGE = YES_ERROR;
				CLANG_WARN_DOCUMENTATION_COMMENTS = YES;
				CLANG_WARN_EMPTY_BODY = YES;
				CLANG_WARN_ENUM_CONVERSION = YES;
				CLANG_WARN_INFINITE_RECURSION = YES;
				CLANG_WARN_INT_CONVERSION = YES;
				CLANG_WARN_NON_LITERAL_NULL_CONVERSION = YES;
				CLANG_WARN_OBJC_IMPLICIT_RETAIN_SELF = YES;
				CLANG_WARN_OBJC_LITERAL_CONVERSION = YES;
				CLANG_WARN_OBJC_ROOT_CLASS = YES_ERROR;
				CLANG_WARN_QUOTED_INCLUDE_IN_FRAMEWORK_HEADER = YES;
				CLANG_WARN_RANGE_LOOP_ANALYSIS = YES;
				CLANG_WARN_STRICT_PROTOTYPES = YES;
				CLANG_WARN_SUSPICIOUS_MOVE = YES;
				CLANG_WARN_UNGUARDED_AVAILABILITY = YES_AGGRESSIVE;
				CLANG_WARN_UNREACHABLE_CODE = YES;
				CLANG_WARN__DUPLICATE_METHOD_MATCH = YES;
				COPY_PHASE_STRIP = NO;
				DEBUG_INFORMATION_FORMAT = "dwarf-with-dsym";
				ENABLE_NS_ASSERTIONS = NO;
				ENABLE_STRICT_OBJC_MSGSEND = YES;
				ENABLE_USER_SCRIPT_SANDBOXING = YES;
				GCC_C_LANGUAGE_STANDARD = gnu17;
				GCC_NO_COMMON_BLOCKS = YES;
				GCC_WARN_64_TO_32_BIT_CONVERSION = YES;
				GCC_WARN_ABOUT_RETURN_TYPE = YES_ERROR;
				GCC_WARN_UNDECLARED_SELECTOR = YES;
				GCC_WARN_UNINITIALIZED_AUTOS = YES_AGGRESSIVE;
				GCC_WARN_UNUSED_FUNCTION = YES;
				GCC_WARN_UNUSED_VARIABLE = YES;
				IPHONEOS_DEPLOYMENT_TARGET = 18.0;
				LOCALIZATION_PREFERS_STRING_CATALOGS = YES;
				MTL_ENABLE_DEBUG_INFO = NO;
				MTL_FAST_MATH = YES;
				SDKROOT = iphoneos;
				SWIFT_COMPILATION_MODE = wholemodule;
				VALIDATE_PRODUCT = YES;
			};
			name = Release;
		};
		3F1322902CD9B14400F0DE47 /* Debug */ = {
			isa = XCBuildConfiguration;
			buildSettings = {
				ASSETCATALOG_COMPILER_APPICON_NAME = AppIcon;
				ASSETCATALOG_COMPILER_GLOBAL_ACCENT_COLOR_NAME = AccentColor;
				CODE_SIGN_STYLE = Automatic;
				CURRENT_PROJECT_VERSION = 1;
				DEVELOPMENT_ASSET_PATHS = "\"Home_Page_1/Preview Content\"";
				ENABLE_PREVIEWS = YES;
				GENERATE_INFOPLIST_FILE = YES;
				INFOPLIST_KEY_UIApplicationSceneManifest_Generation = YES;
				INFOPLIST_KEY_UIApplicationSupportsIndirectInputEvents = YES;
				INFOPLIST_KEY_UILaunchScreen_Generation = YES;
				INFOPLIST_KEY_UISupportedInterfaceOrientations_iPad = "UIInterfaceOrientationPortrait UIInterfaceOrientationPortraitUpsideDown UIInterfaceOrientationLandscapeLeft UIInterfaceOrientationLandscapeRight";
				INFOPLIST_KEY_UISupportedInterfaceOrientations_iPhone = "UIInterfaceOrientationPortrait UIInterfaceOrientationLandscapeLeft UIInterfaceOrientationLandscapeRight";
				LD_RUNPATH_SEARCH_PATHS = (
					"$(inherited)",
					"@executable_path/Frameworks",
				);
				MARKETING_VERSION = 1.0;
				PRODUCT_BUNDLE_IDENTIFIER = "ECC.Home-Page-1";
				PRODUCT_NAME = "$(TARGET_NAME)";
				SWIFT_EMIT_LOC_STRINGS = YES;
				SWIFT_VERSION = 5.0;
				TARGETED_DEVICE_FAMILY = "1,2";
			};
			name = Debug;
		};
		3F1322912CD9B14400F0DE47 /* Release */ = {
			isa = XCBuildConfiguration;
			buildSettings = {
				ASSETCATALOG_COMPILER_APPICON_NAME = AppIcon;
				ASSETCATALOG_COMPILER_GLOBAL_ACCENT_COLOR_NAME = AccentColor;
				CODE_SIGN_STYLE = Automatic;
				CURRENT_PROJECT_VERSION = 1;
				DEVELOPMENT_ASSET_PATHS = "\"Home_Page_1/Preview Content\"";
				ENABLE_PREVIEWS = YES;
				GENERATE_INFOPLIST_FILE = YES;
				INFOPLIST_KEY_UIApplicationSceneManifest_Generation = YES;
				INFOPLIST_KEY_UIApplicationSupportsIndirectInputEvents = YES;
				INFOPLIST_KEY_UILaunchScreen_Generation = YES;
				INFOPLIST_KEY_UISupportedInterfaceOrientations_iPad = "UIInterfaceOrientationPortrait UIInterfaceOrientationPortraitUpsideDown UIInterfaceOrientationLandscapeLeft UIInterfaceOrientationLandscapeRight";
				INFOPLIST_KEY_UISupportedInterfaceOrientations_iPhone = "UIInterfaceOrientationPortrait UIInterfaceOrientationLandscapeLeft UIInterfaceOrientationLandscapeRight";
				LD_RUNPATH_SEARCH_PATHS = (
					"$(inherited)",
					"@executable_path/Frameworks",
				);
				MARKETING_VERSION = 1.0;
				PRODUCT_BUNDLE_IDENTIFIER = "ECC.Home-Page-1";
				PRODUCT_NAME = "$(TARGET_NAME)";
				SWIFT_EMIT_LOC_STRINGS = YES;
				SWIFT_VERSION = 5.0;
				TARGETED_DEVICE_FAMILY = "1,2";
			};
			name = Release;
		};
		3F1322932CD9B14400F0DE47 /* Debug */ = {
			isa = XCBuildConfiguration;
			buildSettings = {
				BUNDLE_LOADER = "$(TEST_HOST)";
				CODE_SIGN_STYLE = Automatic;
				CURRENT_PROJECT_VERSION = 1;
				GENERATE_INFOPLIST_FILE = YES;
				IPHONEOS_DEPLOYMENT_TARGET = 18.0;
				MARKETING_VERSION = 1.0;
				PRODUCT_BUNDLE_IDENTIFIER = "ECC.Home-Page-1Tests";
				PRODUCT_NAME = "$(TARGET_NAME)";
				SWIFT_EMIT_LOC_STRINGS = NO;
				SWIFT_VERSION = 5.0;
				TARGETED_DEVICE_FAMILY = "1,2";
				TEST_HOST = "$(BUILT_PRODUCTS_DIR)/Home_Page_1.app/$(BUNDLE_EXECUTABLE_FOLDER_PATH)/Home_Page_1";
			};
			name = Debug;
		};
		3F1322942CD9B14400F0DE47 /* Release */ = {
			isa = XCBuildConfiguration;
			buildSettings = {
				BUNDLE_LOADER = "$(TEST_HOST)";
				CODE_SIGN_STYLE = Automatic;
				CURRENT_PROJECT_VERSION = 1;
				GENERATE_INFOPLIST_FILE = YES;
				IPHONEOS_DEPLOYMENT_TARGET = 18.0;
				MARKETING_VERSION = 1.0;
				PRODUCT_BUNDLE_IDENTIFIER = "ECC.Home-Page-1Tests";
				PRODUCT_NAME = "$(TARGET_NAME)";
				SWIFT_EMIT_LOC_STRINGS = NO;
				SWIFT_VERSION = 5.0;
				TARGETED_DEVICE_FAMILY = "1,2";
				TEST_HOST = "$(BUILT_PRODUCTS_DIR)/Home_Page_1.app/$(BUNDLE_EXECUTABLE_FOLDER_PATH)/Home_Page_1";
			};
			name = Release;
		};
		3F1322962CD9B14400F0DE47 /* Debug */ = {
			isa = XCBuildConfiguration;
			buildSettings = {
				CODE_SIGN_STYLE = Automatic;
				CURRENT_PROJECT_VERSION = 1;
				GENERATE_INFOPLIST_FILE = YES;
				MARKETING_VERSION = 1.0;
				PRODUCT_BUNDLE_IDENTIFIER = "ECC.Home-Page-1UITests";
				PRODUCT_NAME = "$(TARGET_NAME)";
				SWIFT_EMIT_LOC_STRINGS = NO;
				SWIFT_VERSION = 5.0;
				TARGETED_DEVICE_FAMILY = "1,2";
				TEST_TARGET_NAME = Home_Page_1;
			};
			name = Debug;
		};
		3F1322972CD9B14400F0DE47 /* Release */ = {
			isa = XCBuildConfiguration;
			buildSettings = {
				CODE_SIGN_STYLE = Automatic;
				CURRENT_PROJECT_VERSION = 1;
				GENERATE_INFOPLIST_FILE = YES;
				MARKETING_VERSION = 1.0;
				PRODUCT_BUNDLE_IDENTIFIER = "ECC.Home-Page-1UITests";
				PRODUCT_NAME = "$(TARGET_NAME)";
				SWIFT_EMIT_LOC_STRINGS = NO;
				SWIFT_VERSION = 5.0;
				TARGETED_DEVICE_FAMILY = "1,2";
				TEST_TARGET_NAME = Home_Page_1;
			};
			name = Release;
		};
/* End XCBuildConfiguration section */

/* Begin XCConfigurationList section */
		3F1322662CD9B14100F0DE47 /* Build configuration list for PBXProject "Home_Page_1" */ = {
			isa = XCConfigurationList;
			buildConfigurations = (
				3F13228D2CD9B14400F0DE47 /* Debug */,
				3F13228E2CD9B14400F0DE47 /* Release */,
			);
			defaultConfigurationIsVisible = 0;
			defaultConfigurationName = Release;
		};
		3F13228F2CD9B14400F0DE47 /* Build configuration list for PBXNativeTarget "Home_Page_1" */ = {
			isa = XCConfigurationList;
			buildConfigurations = (
				3F1322902CD9B14400F0DE47 /* Debug */,
				3F1322912CD9B14400F0DE47 /* Release */,
			);
			defaultConfigurationIsVisible = 0;
			defaultConfigurationName = Release;
		};
		3F1322922CD9B14400F0DE47 /* Build configuration list for PBXNativeTarget "Home_Page_1Tests" */ = {
			isa = XCConfigurationList;
			buildConfigurations = (
				3F1322932CD9B14400F0DE47 /* Debug */,
				3F1322942CD9B14400F0DE47 /* Release */,
			);
			defaultConfigurationIsVisible = 0;
			defaultConfigurationName = Release;
		};
		3F1322952CD9B14400F0DE47 /* Build configuration list for PBXNativeTarget "Home_Page_1UITests" */ = {
			isa = XCConfigurationList;
			buildConfigurations = (
				3F1322962CD9B14400F0DE47 /* Debug */,
				3F1322972CD9B14400F0DE47 /* Release */,
			);
			defaultConfigurationIsVisible = 0;
			defaultConfigurationName = Release;
		};
/* End XCConfigurationList section */
	};
	rootObject = 3F1322632CD9B14100F0DE47 /* Project object */;
}
